dependencies:
  espressif/cmake_utilities:
    component_hash: 351350613ceafba240b761b4ea991e0f231ac7a9f59a9ee901f751bddc0bb18f
    source:
      service_url: https://api.components.espressif.com/
      type: service
    version: 0.5.3
  espressif/xz:
    component_hash: 9a556b2c7f7450af379d28c6c1e999595ffeacddf11d4388fe869060f6fa2dab
    source:
      service_url: https://api.components.espressif.com/
      type: service
    version: 1.0.0
  idf:
    component_hash: null
    source:
      type: idf
    version: 5.1.1
manifest_hash: ebad745db0183fd389324bcb5154e18932cd7a16d148f1d8916355d869db2a54
target: esp32c3
version: 1.0.0
